<?xml version="1.0" encoding="utf-8"?>
<Project ToolsVersion="4.0" xmlns="http://schemas.microsoft.com/developer/msbuild/2003">
  <ItemGroup>
    <Filter Include="Source Files">
      <UniqueIdentifier>{4FC737F1-C7A5-4376-A066-2A32D752A2FF}</UniqueIdentifier>
      <Extensions>cpp;c;cc;cxx;c++;cppm;ixx;def;odl;idl;hpj;bat;asm;asmx</Extensions>
    </Filter>
    <Filter Include="Header Files">
      <UniqueIdentifier>{93995380-89BD-4b04-88EB-625FBE52EBFB}</UniqueIdentifier>
      <Extensions>h;hh;hpp;hxx;h++;hm;inl;inc;ipp;xsd</Extensions>
    </Filter>
    <Filter Include="Resource Files">
      <UniqueIdentifier>{67DA6AB6-F800-4c08-8B7A-83BB121AAD01}</UniqueIdentifier>
      <Extensions>rc;ico;cur;bmp;dlg;rc2;rct;bin;rgs;gif;jpg;jpeg;jpe;resx;tiff;tif;png;wav;mfcribbon-ms</Extensions>
    </Filter>
    <Filter Include="Header Files\stb">
      <UniqueIdentifier>{cee17004-d70f-4bc6-8323-1d9fe7f00147}</UniqueIdentifier>
    </Filter>
    <Filter Include="Source Files\stb">
      <UniqueIdentifier>{3170d337-52ce-4cf0-aba6-b8781858d7a3}</UniqueIdentifier>
    </Filter>
  </ItemGroup>
  <ItemGroup>
    <ClCompile Include="libimage_test_main.cpp">
      <Filter>Source Files</Filter>
    </ClCompile>
    <ClCompile Include="..\..\libimage\stb\libimage_math.cpp">
      <Filter>Source Files\stb</Filter>
    </ClCompile>
    <ClCompile Include="..\..\libimage\stb\libimage_stb.cpp">
      <Filter>Source Files\stb</Filter>
    </ClCompile>
  </ItemGroup>
  <ItemGroup>
    <ClInclude Include="..\..\libimage\stb\image_view.hpp">
      <Filter>Header Files\stb</Filter>
    </ClInclude>
    <ClInclude Include="..\..\libimage\stb\libimage_algorithm.hpp">
      <Filter>Header Files\stb</Filter>
    </ClInclude>
    <ClInclude Include="..\..\libimage\stb\libimage_fs.hpp">
      <Filter>Header Files\stb</Filter>
    </ClInclude>
    <ClInclude Include="..\..\libimage\stb\libimage_math.hpp">
      <Filter>Header Files\stb</Filter>
    </ClInclude>
    <ClInclude Include="..\..\libimage\stb\libimage_stb.hpp">
      <Filter>Header Files\stb</Filter>
    </ClInclude>
    <ClInclude Include="..\..\libimage\stb\stb_image.h">
      <Filter>Header Files\stb</Filter>
    </ClInclude>
    <ClInclude Include="..\..\libimage\stb\stb_image_resize.h">
      <Filter>Header Files\stb</Filter>
    </ClInclude>
    <ClInclude Include="..\..\libimage\stb\stb_image_write.h">
      <Filter>Header Files\stb</Filter>
    </ClInclude>
    <ClInclude Include="..\..\libimage\stb\stb_all.hpp">
      <Filter>Header Files\stb</Filter>
    </ClInclude>
  </ItemGroup>
</Project>